
Microsoft Visual Studio Solution File, Format Version 12.00
# Visual Studio Version 17
VisualStudioVersion = 17.3.32922.545
MinimumVisualStudioVersion = 10.0.40219.1
Project("{FAE04EC0-301F-11D3-BF4B-00C04F79EFBC}") = "Singly_Linked_List", "Singly_Linked_List\Singly_Linked_List.csproj", "{8F3E81F4-DB9E-4CE5-AF2A-CF4D21DE797F}"
EndProject
Global
	GlobalSection(SolutionConfigurationPlatforms) = preSolution
		Debug|Any CPU = Debug|Any CPU
		Release|Any CPU = Release|Any CPU
	EndGlobalSection
	GlobalSection(ProjectConfigurationPlatforms) = postSolution
		{8F3E81F4-DB9E-4CE5-AF2A-CF4D21DE797F}.Debug|Any CPU.ActiveCfg = Debug|Any CPU
		{8F3E81F4-DB9E-4CE5-AF2A-CF4D21DE797F}.Debug|Any CPU.Build.0 = Debug|Any CPU
		{8F3E81F4-DB9E-4CE5-AF2A-CF4D21DE797F}.Release|Any CPU.ActiveCfg = Release|Any CPU
		{8F3E81F4-DB9E-4CE5-AF2A-CF4D21DE797F}.Release|Any CPU.Build.0 = Release|Any CPU
	EndGlobalSection
	GlobalSection(SolutionProperties) = preSolution
		HideSolutionNode = FALSE
	EndGlobalSection
	GlobalSection(ExtensibilityGlobals) = postSolution
		SolutionGuid = {7E44B5FC-0A1E-43A3-BDE0-B04EC555B155}
	EndGlobalSection
EndGlobal
